PODS:
  - 25519 (1.8)
  - AFNetworking (2.5.0):
    - AFNetworking/NSURLConnection (= 2.5.0)
    - AFNetworking/NSURLSession (= 2.5.0)
    - AFNetworking/Reachability (= 2.5.0)
    - AFNetworking/Security (= 2.5.0)
    - AFNetworking/Serialization (= 2.5.0)
    - AFNetworking/UIKit (= 2.5.0)
  - AFNetworking/NSURLConnection (2.5.0):
    - AFNetworking/Reachability
    - AFNetworking/Security
    - AFNetworking/Serialization
  - AFNetworking/NSURLSession (2.5.0):
    - AFNetworking/Reachability
    - AFNetworking/Security
    - AFNetworking/Serialization
  - AFNetworking/Reachability (2.5.0)
  - AFNetworking/Security (2.5.0)
  - AFNetworking/Serialization (2.5.0)
  - AFNetworking/UIKit (2.5.0):
    - AFNetworking/NSURLConnection
    - AFNetworking/NSURLSession
  - APDropDownNavToolbar (1.1)
  - AxolotlKit (0.5):
    - 25519 (~> 1.8)
    - HKDFKit (~> 0.0.3)
    - ProtocolBuffers (~> 1.9.2)
  - CocoaLumberjack (1.9.2):
    - CocoaLumberjack/Extensions (= 1.9.2)
  - CocoaLumberjack/Core (1.9.2)
  - CocoaLumberjack/Extensions (1.9.2):
    - CocoaLumberjack/Core
  - DJWActionSheet (1.0.4)
  - FFCircularProgressView (0.5)
  - HKDFKit (0.0.3)
  - JSQMessagesViewController (6.1.1):
    - JSQSystemSoundPlayer (~> 2.0.0)
  - JSQSystemSoundPlayer (2.0.1)
  - libPhoneNumber-iOS (0.7.5)
  - Mantle (1.5.1):
    - Mantle/extobjc (= 1.5.1)
  - Mantle/extobjc (1.5.1)
  - OpenSSL (1.0.200)
  - PastelogKit (1.2):
    - CocoaLumberjack (~> 1.9)
  - ProtocolBuffers (1.9.3)
  - SCWaveformView (1.0.0)
  - SocketRocket (0.3.1-beta2)
  - SQLCipher/common (3.1.0)
  - SQLCipher/fts (3.1.0):
    - SQLCipher/common
  - SSKeychain (1.2.2)
  - TwistedOakCollapsingFutures (1.0.0):
    - UnionFind (~> 1.0)
  - UICKeyChainStore (1.0.7)
  - UnionFind (1.0.1)
  - YapDatabase/common (2.5.4):
    - CocoaLumberjack (~> 1)
  - YapDatabase/SQLCipher (2.5.4):
    - SQLCipher/fts
    - YapDatabase/common

DEPENDENCIES:
  - AFNetworking (~> 2.5)
  - APDropDownNavToolbar (from `https://github.com/corbett/APDropDownNavToolbar.git`, branch `master`)
  - AxolotlKit (~> 0.5)
  - DJWActionSheet
  - FFCircularProgressView (>= 0.1)
  - JSQMessagesViewController (from `https://github.com/WhisperSystems/JSQMessagesViewController`, branch `JSignalQ`)
  - libPhoneNumber-iOS (~> 0.7)
  - Mantle (~> 1.5)
  - OpenSSL (~> 1.0.200)
  - PastelogKit (~> 1.2)
  - SCWaveformView
  - SocketRocket (from `https://github.com/square/SocketRocket.git`, commit `954750c018`)
  - SSKeychain
  - TwistedOakCollapsingFutures (~> 1.0)
  - UICKeyChainStore (from `Podspecs/UICKeyChainStore.podspec`)
  - YapDatabase/SQLCipher

EXTERNAL SOURCES:
  APDropDownNavToolbar:
    :branch: master
    :git: https://github.com/corbett/APDropDownNavToolbar.git
  JSQMessagesViewController:
    :branch: JSignalQ
    :git: https://github.com/WhisperSystems/JSQMessagesViewController
  SocketRocket:
    :commit: 954750c018
    :git: https://github.com/square/SocketRocket.git
  UICKeyChainStore:
    :podspec: Podspecs/UICKeyChainStore.podspec

CHECKOUT OPTIONS:
  APDropDownNavToolbar:
    :commit: cf63307d5e3833b16caa9a07f3b5ea06359913f9
    :git: https://github.com/corbett/APDropDownNavToolbar.git
  JSQMessagesViewController:
    :commit: 184f53b07b6a80709b9801d605f666fd61e297fb
    :git: https://github.com/WhisperSystems/JSQMessagesViewController
  SocketRocket:
    :commit: 954750c018
    :git: https://github.com/square/SocketRocket.git

SPEC CHECKSUMS:
  25519: 601ffb5d258aa33d642062d6fa4096db210e02e7
  AFNetworking: 0f54cb5d16ce38c1b76948faffb8d5fb705021c7
  APDropDownNavToolbar: 62131873890d3a30a2fdc98ffdda180a11e49aa4
  AxolotlKit: eec4d036d5b021258dc8b6b0212f3c04edeaf15b
  CocoaLumberjack: 205769c032b5fef85b92472046bcc8b7e7c8a817
  DJWActionSheet: d88b302d7c29523e1e9fb9b62cfac46f59bb90d9
  FFCircularProgressView: 723b7a84c412b5d9d2a5531bc716b99965ad7192
  HKDFKit: 5998cf1bbb611e7ecc6bd3eaaef8c7a7da7be949
  JSQMessagesViewController: 554430bbaeb0b2dbed8d4aaa2bdf64559e67f353
  JSQSystemSoundPlayer: 55528c699a283aae2220d3ae7b8b527d2ecef4b4
  libPhoneNumber-iOS: 16b9556d7fdf4819eabeb7b7356fea3373fa47f9
  Mantle: d7c5ac734579ec751c58fecbf56189853056c58c
  OpenSSL: 4c7be3eca71139f52984542d8c4c0752154d26c3
  PastelogKit: 8bab71b1d187617a83e7124cffe9eb1a600e6695
  ProtocolBuffers: e80f9e4fc401aec9d3c30be70db87fcd5f1cb880
  SCWaveformView: 55f0cd6e80df1a46ff70892bc4041f5b7d8ad43c
  SocketRocket: 9cbe08469513356cddc0afcab1ff160bd190296a
  SQLCipher: 981110217eb93c2779c34fb59e646a1c1da918d8
  SSKeychain: cc48bd3ad24fcd9125adb9e0d23dd50b8bbd08b9
  TwistedOakCollapsingFutures: 07aab84fd3958dc94d55ef705b12857d9fbe61d1
  UICKeyChainStore: eef407137f0397e95a3df32cdf05f7e2ddd99647
  UnionFind: 45777a8b6878d3a602af3654cc3a09b87389d356
  YapDatabase: c1d6912df1b4a160f7373ee7657d360e29bb00fd

COCOAPODS: 0.35.0
