PODS:
  - 25519 (1.8)
  - AFNetworking (2.5.0):
    - AFNetworking/NSURLConnection (= 2.5.0)
    - AFNetworking/NSURLSession (= 2.5.0)
    - AFNetworking/Reachability (= 2.5.0)
    - AFNetworking/Security (= 2.5.0)
    - AFNetworking/Serialization (= 2.5.0)
    - AFNetworking/UIKit (= 2.5.0)
  - AFNetworking/NSURLConnection (2.5.0):
    - AFNetworking/Reachability
    - AFNetworking/Security
    - AFNetworking/Serialization
  - AFNetworking/NSURLSession (2.5.0):
    - AFNetworking/Reachability
    - AFNetworking/Security
    - AFNetworking/Serialization
  - AFNetworking/Reachability (2.5.0)
  - AFNetworking/Security (2.5.0)
  - AFNetworking/Serialization (2.5.0)
  - AFNetworking/UIKit (2.5.0):
    - AFNetworking/NSURLConnection
    - AFNetworking/NSURLSession
  - AxolotlKit (0.3):
    - 25519 (~> 1.8)
    - HKDFKit (~> 0.0.3)
    - ProtocolBuffers (~> 1.9.2)
  - CocoaLumberjack (1.9.2):
    - CocoaLumberjack/Extensions (= 1.9.2)
  - CocoaLumberjack/Core (1.9.2)
  - CocoaLumberjack/Extensions (1.9.2):
    - CocoaLumberjack/Core
  - DJWActionSheet (1.0.4)
  - HKDFKit (0.0.3)
  - JSQMessagesViewController (6.1.0):
    - JSQSystemSoundPlayer (~> 2.0.0)
  - JSQSystemSoundPlayer (2.0.0)
  - libPhoneNumber-iOS (0.7.3)
  - Mantle (1.5.1):
    - Mantle/extobjc (= 1.5.1)
  - Mantle/extobjc (1.5.1)
  - OpenSSL (1.0.110)
  - PastelogKit (1.2):
    - CocoaLumberjack (~> 1.9)
  - ProtocolBuffers (1.9.2)
  - SocketRocket (0.3.1-beta2)
  - SQLCipher/common (3.1.0)
  - SQLCipher/fts (3.1.0):
    - SQLCipher/common
  - SSKeychain (1.2.2)
  - TwistedOakCollapsingFutures (1.0.0):
    - UnionFind (~> 1.0)
  - UnionFind (1.0.1)
  - YapDatabase/common (2.5.4):
    - CocoaLumberjack (~> 1)
  - YapDatabase/SQLCipher (2.5.4):
    - SQLCipher/fts
    - YapDatabase/common

DEPENDENCIES:
  - AFNetworking (~> 2.5)
  - AxolotlKit (~> 0.3)
  - DJWActionSheet
  - JSQMessagesViewController (from `https://github.com/dtsbourg/JSQMessagesViewController`, branch `JSignalQ`)
  - libPhoneNumber-iOS (~> 0.7)
  - Mantle (~> 1.5)
  - OpenSSL (~> 1.0.110)
  - PastelogKit (~> 1.2)
  - SocketRocket (from `https://github.com/square/SocketRocket.git`, commit `d0585af165`)
  - SSKeychain
  - TwistedOakCollapsingFutures (~> 1.0)
  - YapDatabase/SQLCipher

EXTERNAL SOURCES:
  JSQMessagesViewController:
    :branch: JSignalQ
    :git: https://github.com/dtsbourg/JSQMessagesViewController
  SocketRocket:
    :commit: d0585af165
    :git: https://github.com/square/SocketRocket.git

CHECKOUT OPTIONS:
  JSQMessagesViewController:
    :commit: 8703ce020c86054ca32fbfdede0b4bded4428994
    :git: https://github.com/dtsbourg/JSQMessagesViewController
  SocketRocket:
    :commit: d0585af165
    :git: https://github.com/square/SocketRocket.git

SPEC CHECKSUMS:
  25519: 601ffb5d258aa33d642062d6fa4096db210e02e7
  AFNetworking: 0f54cb5d16ce38c1b76948faffb8d5fb705021c7
  AxolotlKit: 19a7a6482e3deb6621e0f81a1733f60301802d40
  CocoaLumberjack: 205769c032b5fef85b92472046bcc8b7e7c8a817
  DJWActionSheet: d88b302d7c29523e1e9fb9b62cfac46f59bb90d9
  HKDFKit: 5998cf1bbb611e7ecc6bd3eaaef8c7a7da7be949
  JSQMessagesViewController: fb0f6e71c0a8009d210d6c7d73ba2b94bb77dc9b
  JSQSystemSoundPlayer: c98443b1cbb3b45db09d0d3d6c2355cf78294981
  libPhoneNumber-iOS: 98fc07d70c8fdb5e6a8e3442c37e97353065c20e
  Mantle: d7c5ac734579ec751c58fecbf56189853056c58c
  OpenSSL: 72a82aa51b056ae5833307a3fef9b571f38ce11c
  PastelogKit: 8bab71b1d187617a83e7124cffe9eb1a600e6695
  ProtocolBuffers: a834d6fe4ae0cc94d081b864e4948bdd483ad228
  SocketRocket: 9cbe08469513356cddc0afcab1ff160bd190296a
  SQLCipher: 981110217eb93c2779c34fb59e646a1c1da918d8
  SSKeychain: cc48bd3ad24fcd9125adb9e0d23dd50b8bbd08b9
  TwistedOakCollapsingFutures: 07aab84fd3958dc94d55ef705b12857d9fbe61d1
  UnionFind: 45777a8b6878d3a602af3654cc3a09b87389d356
  YapDatabase: c1d6912df1b4a160f7373ee7657d360e29bb00fd

COCOAPODS: 0.35.0
