PODS:
  - CocoaLumberjack (2.3.0):
    - CocoaLumberjack/Default (= 2.3.0)
    - CocoaLumberjack/Extensions (= 2.3.0)
  - CocoaLumberjack/Core (2.3.0)
  - CocoaLumberjack/Default (2.3.0):
    - CocoaLumberjack/Core
  - CocoaLumberjack/Extensions (2.3.0):
    - CocoaLumberjack/Default
  - Reachability (3.2)
  - YapDatabase (2.9.2):
    - YapDatabase/Standard (= 2.9.2)
  - YapDatabase/Standard (2.9.2):
    - YapDatabase/Standard/Core (= 2.9.2)
    - YapDatabase/Standard/Extensions (= 2.9.2)
  - YapDatabase/Standard/Core (2.9.2):
    - CocoaLumberjack (~> 2)
  - YapDatabase/Standard/Extensions (2.9.2):
    - YapDatabase/Standard/Core
    - YapDatabase/Standard/Extensions/ActionManager (= 2.9.2)
    - YapDatabase/Standard/Extensions/CloudKit (= 2.9.2)
    - YapDatabase/Standard/Extensions/ConnectionProxy (= 2.9.2)
    - YapDatabase/Standard/Extensions/CrossProcessNotification (= 2.9.2)
    - YapDatabase/Standard/Extensions/FilteredViews (= 2.9.2)
    - YapDatabase/Standard/Extensions/FullTextSearch (= 2.9.2)
    - YapDatabase/Standard/Extensions/Hooks (= 2.9.2)
    - YapDatabase/Standard/Extensions/Relationships (= 2.9.2)
    - YapDatabase/Standard/Extensions/RTreeIndex (= 2.9.2)
    - YapDatabase/Standard/Extensions/SearchResults (= 2.9.2)
    - YapDatabase/Standard/Extensions/SecondaryIndex (= 2.9.2)
    - YapDatabase/Standard/Extensions/Views (= 2.9.2)
  - YapDatabase/Standard/Extensions/ActionManager (2.9.2):
    - Reachability (~> 3)
    - YapDatabase/Standard/Core
    - YapDatabase/Standard/Extensions/Views
  - YapDatabase/Standard/Extensions/CloudKit (2.9.2):
    - YapDatabase/Standard/Core
  - YapDatabase/Standard/Extensions/ConnectionProxy (2.9.2):
    - YapDatabase/Standard/Core
  - YapDatabase/Standard/Extensions/CrossProcessNotification (2.9.2):
    - YapDatabase/Standard/Core
  - YapDatabase/Standard/Extensions/FilteredViews (2.9.2):
    - YapDatabase/Standard/Core
    - YapDatabase/Standard/Extensions/Views
  - YapDatabase/Standard/Extensions/FullTextSearch (2.9.2):
    - YapDatabase/Standard/Core
  - YapDatabase/Standard/Extensions/Hooks (2.9.2):
    - YapDatabase/Standard/Core
  - YapDatabase/Standard/Extensions/Relationships (2.9.2):
    - YapDatabase/Standard/Core
  - YapDatabase/Standard/Extensions/RTreeIndex (2.9.2):
    - YapDatabase/Standard/Core
  - YapDatabase/Standard/Extensions/SearchResults (2.9.2):
    - YapDatabase/Standard/Core
    - YapDatabase/Standard/Extensions/FullTextSearch
    - YapDatabase/Standard/Extensions/Views
  - YapDatabase/Standard/Extensions/SecondaryIndex (2.9.2):
    - YapDatabase/Standard/Core
  - YapDatabase/Standard/Extensions/Views (2.9.2):
    - YapDatabase/Standard/Core

DEPENDENCIES:
  - Reachability (from `https://github.com/tonymillion/Reachability.git`, commit `c4d225a479379f9998dbd5b55070427373d20574`)
  - YapDatabase (from `../../`)

EXTERNAL SOURCES:
  Reachability:
    :commit: c4d225a479379f9998dbd5b55070427373d20574
    :git: https://github.com/tonymillion/Reachability.git
  YapDatabase:
    :path: ../../

CHECKOUT OPTIONS:
  Reachability:
    :commit: c4d225a479379f9998dbd5b55070427373d20574
    :git: https://github.com/tonymillion/Reachability.git

SPEC CHECKSUMS:
  CocoaLumberjack: 97fab7ee5f507fe54445cca7ea80f926729cfd15
  Reachability: a439150119232b740e0b708aed6760a5965b858d
  YapDatabase: 624588b1d9d68df08d1f4528a2c311e7a9efd5fb

PODFILE CHECKSUM: d5fe41b7486bc39d824f4453500dbf3433967471

COCOAPODS: 1.1.0.beta.2
